// !$*UTF8*$!
{
	archiveVersion = 1;
	classes = {
	};
	objectVersion = 50;
	objects = {

/* Begin PBXBuildFile section */
		10869EA823F314A4002A2C02 /* AppDelegate.swift in Sources */ = {isa = PBXBuildFile; fileRef = 10869E9823F314A4002A2C02 /* AppDelegate.swift */; };
		10869EA923F314A4002A2C02 /* SceneDelegate.swift in Sources */ = {isa = PBXBuildFile; fileRef = 10869E9923F314A4002A2C02 /* SceneDelegate.swift */; };
		10869EAB23F314A4002A2C02 /* LaunchScreen.storyboard in Resources */ = {isa = PBXBuildFile; fileRef = 10869EA423F314A4002A2C02 /* LaunchScreen.storyboard */; };
		10869EAF23F314D7002A2C02 /* Assets.xcassets in Resources */ = {isa = PBXBuildFile; fileRef = 10869EAE23F314D7002A2C02 /* Assets.xcassets */; };
		566E53299D401FCA07C90D03 /* Pods_Flowers.framework in Frameworks */ = {isa = PBXBuildFile; fileRef = 5247CF94E3DC16E906897998 /* Pods_Flowers.framework */; };
/* End PBXBuildFile section */

/* Begin PBXFileReference section */
		00EA574C487172182C5D9310 /* Pods-Flowers.release.xcconfig */ = {isa = PBXFileReference; includeInIndex = 1; lastKnownFileType = text.xcconfig; name = "Pods-Flowers.release.xcconfig"; path = "Target Support Files/Pods-Flowers/Pods-Flowers.release.xcconfig"; sourceTree = "<group>"; };
		1082528923F28A9100EF63AD /* Flowers.app */ = {isa = PBXFileReference; explicitFileType = wrapper.application; includeInIndex = 0; path = Flowers.app; sourceTree = BUILT_PRODUCTS_DIR; };
		10869E9823F314A4002A2C02 /* AppDelegate.swift */ = {isa = PBXFileReference; fileEncoding = 4; lastKnownFileType = sourcecode.swift; path = AppDelegate.swift; sourceTree = "<group>"; };
		10869E9923F314A4002A2C02 /* SceneDelegate.swift */ = {isa = PBXFileReference; fileEncoding = 4; lastKnownFileType = sourcecode.swift; path = SceneDelegate.swift; sourceTree = "<group>"; };
		10869EA523F314A4002A2C02 /* Base */ = {isa = PBXFileReference; lastKnownFileType = file.storyboard; name = Base; path = Base.lproj/LaunchScreen.storyboard; sourceTree = "<group>"; };
		10869EA723F314A4002A2C02 /* Info.plist */ = {isa = PBXFileReference; fileEncoding = 4; lastKnownFileType = text.plist.xml; path = Info.plist; sourceTree = "<group>"; };
		10869EAE23F314D7002A2C02 /* Assets.xcassets */ = {isa = PBXFileReference; lastKnownFileType = folder.assetcatalog; path = Assets.xcassets; sourceTree = "<group>"; };
		4B70D496EF1B37B95CDF55BF /* Pods-Flowers.debug.xcconfig */ = {isa = PBXFileReference; includeInIndex = 1; lastKnownFileType = text.xcconfig; name = "Pods-Flowers.debug.xcconfig"; path = "Target Support Files/Pods-Flowers/Pods-Flowers.debug.xcconfig"; sourceTree = "<group>"; };
		5247CF94E3DC16E906897998 /* Pods_Flowers.framework */ = {isa = PBXFileReference; explicitFileType = wrapper.framework; includeInIndex = 0; path = Pods_Flowers.framework; sourceTree = BUILT_PRODUCTS_DIR; };
/* End PBXFileReference section */

/* Begin PBXFrameworksBuildPhase section */
		1082528623F28A9100EF63AD /* Frameworks */ = {
			isa = PBXFrameworksBuildPhase;
			buildActionMask = 2147483647;
			files = (
				566E53299D401FCA07C90D03 /* Pods_Flowers.framework in Frameworks */,
			);
			runOnlyForDeploymentPostprocessing = 0;
		};
/* End PBXFrameworksBuildPhase section */

/* Begin PBXGroup section */
		1082528023F28A9100EF63AD = {
			isa = PBXGroup;
			children = (
				10869E9023F314A4002A2C02 /* Flowers */,
				1082528A23F28A9100EF63AD /* Products */,
				655E9EE7ABFEFC02E325F66B /* Pods */,
				8EB4D712379DBD5BF260BF64 /* Frameworks */,
			);
			sourceTree = "<group>";
		};
		1082528A23F28A9100EF63AD /* Products */ = {
			isa = PBXGroup;
			children = (
				1082528923F28A9100EF63AD /* Flowers.app */,
			);
			name = Products;
			sourceTree = "<group>";
		};
		10869E9023F314A4002A2C02 /* Flowers */ = {
			isa = PBXGroup;
			children = (
				10869E9123F314A4002A2C02 /* Classes */,
				10869EA223F314A4002A2C02 /* Resources */,
				10869EA623F314A4002A2C02 /* Supporting Files */,
			);
			path = Flowers;
			sourceTree = "<group>";
		};
		10869E9123F314A4002A2C02 /* Classes */ = {
			isa = PBXGroup;
			children = (
				10869E9223F314A4002A2C02 /* Constants */,
				10869E9323F314A4002A2C02 /* Logic */,
				10869E9723F314A4002A2C02 /* Main */,
				10869E9A23F314A4002A2C02 /* User Interface */,
			);
			path = Classes;
			sourceTree = "<group>";
		};
		10869E9223F314A4002A2C02 /* Constants */ = {
			isa = PBXGroup;
			children = (
			);
			path = Constants;
			sourceTree = "<group>";
		};
		10869E9323F314A4002A2C02 /* Logic */ = {
			isa = PBXGroup;
			children = (
				10869E9423F314A4002A2C02 /* Networking */,
				10869E9523F314A4002A2C02 /* Models */,
				10869E9623F314A4002A2C02 /* Services */,
			);
			path = Logic;
			sourceTree = "<group>";
		};
		10869E9423F314A4002A2C02 /* Networking */ = {
			isa = PBXGroup;
			children = (
			);
			path = Networking;
			sourceTree = "<group>";
		};
		10869E9523F314A4002A2C02 /* Models */ = {
			isa = PBXGroup;
			children = (
			);
			path = Models;
			sourceTree = "<group>";
		};
		10869E9623F314A4002A2C02 /* Services */ = {
			isa = PBXGroup;
			children = (
			);
			path = Services;
			sourceTree = "<group>";
		};
		10869E9723F314A4002A2C02 /* Main */ = {
			isa = PBXGroup;
			children = (
				10869E9823F314A4002A2C02 /* AppDelegate.swift */,
				10869E9923F314A4002A2C02 /* SceneDelegate.swift */,
			);
			path = Main;
			sourceTree = "<group>";
		};
		10869E9A23F314A4002A2C02 /* User Interface */ = {
			isa = PBXGroup;
			children = (
				10869E9B23F314A4002A2C02 /* Utilities */,
				10869E9D23F314A4002A2C02 /* Components */,
				10869EA023F314A4002A2C02 /* Flows */,
			);
			path = "User Interface";
			sourceTree = "<group>";
		};
		10869E9B23F314A4002A2C02 /* Utilities */ = {
			isa = PBXGroup;
			children = (
				10869E9C23F314A4002A2C02 /* Reusable */,
			);
			path = Utilities;
			sourceTree = "<group>";
		};
		10869E9C23F314A4002A2C02 /* Reusable */ = {
			isa = PBXGroup;
			children = (
			);
			path = Reusable;
			sourceTree = "<group>";
		};
		10869E9D23F314A4002A2C02 /* Components */ = {
			isa = PBXGroup;
			children = (
				10869E9E23F314A4002A2C02 /* Cells */,
			);
			path = Components;
			sourceTree = "<group>";
		};
		10869E9E23F314A4002A2C02 /* Cells */ = {
			isa = PBXGroup;
			children = (
				10869E9F23F314A4002A2C02 /* TableView */,
			);
			path = Cells;
			sourceTree = "<group>";
		};
		10869E9F23F314A4002A2C02 /* TableView */ = {
			isa = PBXGroup;
			children = (
			);
			path = TableView;
			sourceTree = "<group>";
		};
		10869EA023F314A4002A2C02 /* Flows */ = {
			isa = PBXGroup;
			children = (
				10869EA123F314A4002A2C02 /* Root */,
			);
			path = Flows;
			sourceTree = "<group>";
		};
		10869EA123F314A4002A2C02 /* Root */ = {
			isa = PBXGroup;
			children = (
			);
			path = Root;
			sourceTree = "<group>";
		};
		10869EA223F314A4002A2C02 /* Resources */ = {
			isa = PBXGroup;
			children = (
				10869EAD23F314D7002A2C02 /* Images */,
				10869EA423F314A4002A2C02 /* LaunchScreen.storyboard */,
			);
			path = Resources;
			sourceTree = "<group>";
		};
		10869EA623F314A4002A2C02 /* Supporting Files */ = {
			isa = PBXGroup;
			children = (
				10869EA723F314A4002A2C02 /* Info.plist */,
			);
			path = "Supporting Files";
			sourceTree = "<group>";
		};
		10869EAD23F314D7002A2C02 /* Images */ = {
			isa = PBXGroup;
			children = (
				10869EAE23F314D7002A2C02 /* Assets.xcassets */,
			);
			path = Images;
			sourceTree = "<group>";
		};
		655E9EE7ABFEFC02E325F66B /* Pods */ = {
			isa = PBXGroup;
			children = (
				4B70D496EF1B37B95CDF55BF /* Pods-Flowers.debug.xcconfig */,
				00EA574C487172182C5D9310 /* Pods-Flowers.release.xcconfig */,
			);
			path = Pods;
			sourceTree = "<group>";
		};
		8EB4D712379DBD5BF260BF64 /* Frameworks */ = {
			isa = PBXGroup;
			children = (
				5247CF94E3DC16E906897998 /* Pods_Flowers.framework */,
			);
			name = Frameworks;
			sourceTree = "<group>";
		};
/* End PBXGroup section */

/* Begin PBXNativeTarget section */
		1082528823F28A9100EF63AD /* Flowers */ = {
			isa = PBXNativeTarget;
			buildConfigurationList = 1082529D23F28A9400EF63AD /* Build configuration list for PBXNativeTarget "Flowers" */;
			buildPhases = (
				DEF6D1142F02A6AA2DC9BAD2 /* [CP] Check Pods Manifest.lock */,
				1082528523F28A9100EF63AD /* Sources */,
				1082528623F28A9100EF63AD /* Frameworks */,
				1082528723F28A9100EF63AD /* Resources */,
			);
			buildRules = (
			);
			dependencies = (
			);
			name = Flowers;
			productName = Flowers;
			productReference = 1082528923F28A9100EF63AD /* Flowers.app */;
			productType = "com.apple.product-type.application";
		};
/* End PBXNativeTarget section */

/* Begin PBXProject section */
		1082528123F28A9100EF63AD /* Project object */ = {
			isa = PBXProject;
			attributes = {
				LastSwiftUpdateCheck = 1130;
				LastUpgradeCheck = 1130;
				ORGANIZATIONNAME = "Ani Eduard";
				TargetAttributes = {
					1082528823F28A9100EF63AD = {
						CreatedOnToolsVersion = 11.3.1;
					};
				};
			};
			buildConfigurationList = 1082528423F28A9100EF63AD /* Build configuration list for PBXProject "Flowers" */;
			compatibilityVersion = "Xcode 9.3";
			developmentRegion = en;
			hasScannedForEncodings = 0;
			knownRegions = (
				en,
				Base,
			);
			mainGroup = 1082528023F28A9100EF63AD;
			productRefGroup = 1082528A23F28A9100EF63AD /* Products */;
			projectDirPath = "";
			projectRoot = "";
			targets = (
				1082528823F28A9100EF63AD /* Flowers */,
			);
		};
/* End PBXProject section */

/* Begin PBXResourcesBuildPhase section */
		1082528723F28A9100EF63AD /* Resources */ = {
			isa = PBXResourcesBuildPhase;
			buildActionMask = 2147483647;
			files = (
				10869EAF23F314D7002A2C02 /* Assets.xcassets in Resources */,
				10869EAB23F314A4002A2C02 /* LaunchScreen.storyboard in Resources */,
			);
			runOnlyForDeploymentPostprocessing = 0;
		};
/* End PBXResourcesBuildPhase section */

/* Begin PBXShellScriptBuildPhase section */
		DEF6D1142F02A6AA2DC9BAD2 /* [CP] Check Pods Manifest.lock */ = {
			isa = PBXShellScriptBuildPhase;
			buildActionMask = 2147483647;
			files = (
			);
			inputFileListPaths = (
			);
			inputPaths = (
				"${PODS_PODFILE_DIR_PATH}/Podfile.lock",
				"${PODS_ROOT}/Manifest.lock",
			);
			name = "[CP] Check Pods Manifest.lock";
			outputFileListPaths = (
			);
			outputPaths = (
				"$(DERIVED_FILE_DIR)/Pods-Flowers-checkManifestLockResult.txt",
			);
			runOnlyForDeploymentPostprocessing = 0;
			shellPath = /bin/sh;
			shellScript = "diff \"${PODS_PODFILE_DIR_PATH}/Podfile.lock\" \"${PODS_ROOT}/Manifest.lock\" > /dev/null\nif [ $? != 0 ] ; then\n    # print error to STDERR\n    echo \"error: The sandbox is not in sync with the Podfile.lock. Run 'pod install' or update your CocoaPods installation.\" >&2\n    exit 1\nfi\n# This output is used by Xcode 'outputs' to avoid re-running this script phase.\necho \"SUCCESS\" > \"${SCRIPT_OUTPUT_FILE_0}\"\n";
			showEnvVarsInLog = 0;
		};
/* End PBXShellScriptBuildPhase section */

/* Begin PBXSourcesBuildPhase section */
		1082528523F28A9100EF63AD /* Sources */ = {
			isa = PBXSourcesBuildPhase;
			buildActionMask = 2147483647;
			files = (
				10869EA823F314A4002A2C02 /* AppDelegate.swift in Sources */,
				10869EA923F314A4002A2C02 /* SceneDelegate.swift in Sources */,
			);
			runOnlyForDeploymentPostprocessing = 0;
		};
/* End PBXSourcesBuildPhase section */

/* Begin PBXVariantGroup section */
		10869EA423F314A4002A2C02 /* LaunchScreen.storyboard */ = {
			isa = PBXVariantGroup;
			children = (
				10869EA523F314A4002A2C02 /* Base */,
			);
			name = LaunchScreen.storyboard;
			sourceTree = "<group>";
		};
/* End PBXVariantGroup section */

/* Begin XCBuildConfiguration section */
		1082529B23F28A9400EF63AD /* Debug */ = {
			isa = XCBuildConfiguration;
			buildSettings = {
				ALWAYS_SEARCH_USER_PATHS = NO;
				CLANG_ANALYZER_NONNULL = YES;
				CLANG_ANALYZER_NUMBER_OBJECT_CONVERSION = YES_AGGRESSIVE;
				CLANG_CXX_LANGUAGE_STANDARD = "gnu++14";
				CLANG_CXX_LIBRARY = "libc++";
				CLANG_ENABLE_MODULES = YES;
				CLANG_ENABLE_OBJC_ARC = YES;
				CLANG_ENABLE_OBJC_WEAK = YES;
				CLANG_WARN_BLOCK_CAPTURE_AUTORELEASING = YES;
				CLANG_WARN_BOOL_CONVERSION = YES;
				CLANG_WARN_COMMA = YES;
				CLANG_WARN_CONSTANT_CONVERSION = YES;
				CLANG_WARN_DEPRECATED_OBJC_IMPLEMENTATIONS = YES;
				CLANG_WARN_DIRECT_OBJC_ISA_USAGE = YES_ERROR;
				CLANG_WARN_DOCUMENTATION_COMMENTS = YES;
				CLANG_WARN_EMPTY_BODY = YES;
				CLANG_WARN_ENUM_CONVERSION = YES;
				CLANG_WARN_INFINITE_RECURSION = YES;
				CLANG_WARN_INT_CONVERSION = YES;
				CLANG_WARN_NON_LITERAL_NULL_CONVERSION = YES;
				CLANG_WARN_OBJC_IMPLICIT_RETAIN_SELF = YES;
				CLANG_WARN_OBJC_LITERAL_CONVERSION = YES;
				CLANG_WARN_OBJC_ROOT_CLASS = YES_ERROR;
				CLANG_WARN_RANGE_LOOP_ANALYSIS = YES;
				CLANG_WARN_STRICT_PROTOTYPES = YES;
				CLANG_WARN_SUSPICIOUS_MOVE = YES;
				CLANG_WARN_UNGUARDED_AVAILABILITY = YES_AGGRESSIVE;
				CLANG_WARN_UNREACHABLE_CODE = YES;
				CLANG_WARN__DUPLICATE_METHOD_MATCH = YES;
				COPY_PHASE_STRIP = NO;
				DEBUG_INFORMATION_FORMAT = dwarf;
				ENABLE_STRICT_OBJC_MSGSEND = YES;
				ENABLE_TESTABILITY = YES;
				GCC_C_LANGUAGE_STANDARD = gnu11;
				GCC_DYNAMIC_NO_PIC = NO;
				GCC_NO_COMMON_BLOCKS = YES;
				GCC_OPTIMIZATION_LEVEL = 0;
				GCC_PREPROCESSOR_DEFINITIONS = (
					"DEBUG=1",
					"$(inherited)",
				);
				GCC_WARN_64_TO_32_BIT_CONVERSION = YES;
				GCC_WARN_ABOUT_RETURN_TYPE = YES_ERROR;
				GCC_WARN_UNDECLARED_SELECTOR = YES;
				GCC_WARN_UNINITIALIZED_AUTOS = YES_AGGRESSIVE;
				GCC_WARN_UNUSED_FUNCTION = YES;
				GCC_WARN_UNUSED_VARIABLE = YES;
				IPHONEOS_DEPLOYMENT_TARGET = 13.2;
				MTL_ENABLE_DEBUG_INFO = INCLUDE_SOURCE;
				MTL_FAST_MATH = YES;
				ONLY_ACTIVE_ARCH = YES;
				SDKROOT = iphoneos;
				SWIFT_ACTIVE_COMPILATION_CONDITIONS = DEBUG;
				SWIFT_OPTIMIZATION_LEVEL = "-Onone";
			};
			name = Debug;
		};
		1082529C23F28A9400EF63AD /* Release */ = {
			isa = XCBuildConfiguration;
			buildSettings = {
				ALWAYS_SEARCH_USER_PATHS = NO;
				CLANG_ANALYZER_NONNULL = YES;
				CLANG_ANALYZER_NUMBER_OBJECT_CONVERSION = YES_AGGRESSIVE;
				CLANG_CXX_LANGUAGE_STANDARD = "gnu++14";
				CLANG_CXX_LIBRARY = "libc++";
				CLANG_ENABLE_MODULES = YES;
				CLANG_ENABLE_OBJC_ARC = YES;
				CLANG_ENABLE_OBJC_WEAK = YES;
				CLANG_WARN_BLOCK_CAPTURE_AUTORELEASING = YES;
				CLANG_WARN_BOOL_CONVERSION = YES;
				CLANG_WARN_COMMA = YES;
				CLANG_WARN_CONSTANT_CONVERSION = YES;
				CLANG_WARN_DEPRECATED_OBJC_IMPLEMENTATIONS = YES;
				CLANG_WARN_DIRECT_OBJC_ISA_USAGE = YES_ERROR;
				CLANG_WARN_DOCUMENTATION_COMMENTS = YES;
				CLANG_WARN_EMPTY_BODY = YES;
				CLANG_WARN_ENUM_CONVERSION = YES;
				CLANG_WARN_INFINITE_RECURSION = YES;
				CLANG_WARN_INT_CONVERSION = YES;
				CLANG_WARN_NON_LITERAL_NULL_CONVERSION = YES;
				CLANG_WARN_OBJC_IMPLICIT_RETAIN_SELF = YES;
				CLANG_WARN_OBJC_LITERAL_CONVERSION = YES;
				CLANG_WARN_OBJC_ROOT_CLASS = YES_ERROR;
				CLANG_WARN_RANGE_LOOP_ANALYSIS = YES;
				CLANG_WARN_STRICT_PROTOTYPES = YES;
				CLANG_WARN_SUSPICIOUS_MOVE = YES;
				CLANG_WARN_UNGUARDED_AVAILABILITY = YES_AGGRESSIVE;
				CLANG_WARN_UNREACHABLE_CODE = YES;
				CLANG_WARN__DUPLICATE_METHOD_MATCH = YES;
				COPY_PHASE_STRIP = NO;
				DEBUG_INFORMATION_FORMAT = "dwarf-with-dsym";
				ENABLE_NS_ASSERTIONS = NO;
				ENABLE_STRICT_OBJC_MSGSEND = YES;
				GCC_C_LANGUAGE_STANDARD = gnu11;
				GCC_NO_COMMON_BLOCKS = YES;
				GCC_WARN_64_TO_32_BIT_CONVERSION = YES;
				GCC_WARN_ABOUT_RETURN_TYPE = YES_ERROR;
				GCC_WARN_UNDECLARED_SELECTOR = YES;
				GCC_WARN_UNINITIALIZED_AUTOS = YES_AGGRESSIVE;
				GCC_WARN_UNUSED_FUNCTION = YES;
				GCC_WARN_UNUSED_VARIABLE = YES;
				IPHONEOS_DEPLOYMENT_TARGET = 13.2;
				MTL_ENABLE_DEBUG_INFO = NO;
				MTL_FAST_MATH = YES;
				SDKROOT = iphoneos;
				SWIFT_COMPILATION_MODE = wholemodule;
				SWIFT_OPTIMIZATION_LEVEL = "-O";
				VALIDATE_PRODUCT = YES;
			};
			name = Release;
		};
		1082529E23F28A9400EF63AD /* Debug */ = {
			isa = XCBuildConfiguration;
			baseConfigurationReference = 4B70D496EF1B37B95CDF55BF /* Pods-Flowers.debug.xcconfig */;
			buildSettings = {
				ASSETCATALOG_COMPILER_APPICON_NAME = AppIcon;
				CODE_SIGN_STYLE = Automatic;
				DEVELOPMENT_TEAM = J6ZM4T69MX;
				INFOPLIST_FILE = "$(SRCROOT)/Flowers/Supporting Files/Info.plist";
				LD_RUNPATH_SEARCH_PATHS = (
					"$(inherited)",
					"@executable_path/Frameworks",
				);
				PRODUCT_BUNDLE_IDENTIFIER = com.anieduard.flowers;
				PRODUCT_NAME = "$(TARGET_NAME)";
				SWIFT_VERSION = 5.0;
				TARGETED_DEVICE_FAMILY = "1,2";
			};
			name = Debug;
		};
		1082529F23F28A9400EF63AD /* Release */ = {
			isa = XCBuildConfiguration;
			baseConfigurationReference = 00EA574C487172182C5D9310 /* Pods-Flowers.release.xcconfig */;
			buildSettings = {
				ASSETCATALOG_COMPILER_APPICON_NAME = AppIcon;
				CODE_SIGN_STYLE = Automatic;
				DEVELOPMENT_TEAM = J6ZM4T69MX;
				INFOPLIST_FILE = "$(SRCROOT)/Flowers/Supporting Files/Info.plist";
				LD_RUNPATH_SEARCH_PATHS = (
					"$(inherited)",
					"@executable_path/Frameworks",
				);
				PRODUCT_BUNDLE_IDENTIFIER = com.anieduard.flowers;
				PRODUCT_NAME = "$(TARGET_NAME)";
				SWIFT_VERSION = 5.0;
				TARGETED_DEVICE_FAMILY = "1,2";
			};
			name = Release;
		};
/* End XCBuildConfiguration section */

/* Begin XCConfigurationList section */
		1082528423F28A9100EF63AD /* Build configuration list for PBXProject "Flowers" */ = {
			isa = XCConfigurationList;
			buildConfigurations = (
				1082529B23F28A9400EF63AD /* Debug */,
				1082529C23F28A9400EF63AD /* Release */,
			);
			defaultConfigurationIsVisible = 0;
			defaultConfigurationName = Release;
		};
		1082529D23F28A9400EF63AD /* Build configuration list for PBXNativeTarget "Flowers" */ = {
			isa = XCConfigurationList;
			buildConfigurations = (
				1082529E23F28A9400EF63AD /* Debug */,
				1082529F23F28A9400EF63AD /* Release */,
			);
			defaultConfigurationIsVisible = 0;
			defaultConfigurationName = Release;
		};
/* End XCConfigurationList section */
	};
	rootObject = 1082528123F28A9100EF63AD /* Project object */;
}
